
Microsoft Visual Studio Solution File, Format Version 12.00
# Visual Studio Version 16
VisualStudioVersion = 16.0.29728.190
MinimumVisualStudioVersion = 10.0.40219.1
Project("{FAE04EC0-301F-11D3-BF4B-00C04F79EFBC}") = "AttendanceSystem.API", "AttendanceSystem.API\AttendanceSystem.API.csproj", "{35E2212B-6C33-4EBE-945E-018884959D46}"
EndProject
Global
	GlobalSection(SolutionConfigurationPlatforms) = preSolution
		Debug|Any CPU = Debug|Any CPU
		Release|Any CPU = Release|Any CPU
	EndGlobalSection
	GlobalSection(ProjectConfigurationPlatforms) = postSolution
		{35E2212B-6C33-4EBE-945E-018884959D46}.Debug|Any CPU.ActiveCfg = Debug|Any CPU
		{35E2212B-6C33-4EBE-945E-018884959D46}.Debug|Any CPU.Build.0 = Debug|Any CPU
		{35E2212B-6C33-4EBE-945E-018884959D46}.Release|Any CPU.ActiveCfg = Release|Any CPU
		{35E2212B-6C33-4EBE-945E-018884959D46}.Release|Any CPU.Build.0 = Release|Any CPU
	EndGlobalSection
	GlobalSection(SolutionProperties) = preSolution
		HideSolutionNode = FALSE
	EndGlobalSection
	GlobalSection(ExtensibilityGlobals) = postSolution
		SolutionGuid = {E33E7A93-93BE-4645-9761-6669F22AFCA9}
	EndGlobalSection
EndGlobal
